
Microsoft Visual Studio Solution File, Format Version 12.00
# Visual Studio Version 17
VisualStudioVersion = 17.5.002.0
MinimumVisualStudioVersion = 10.0.40219.1
Project("{9A19103F-16F7-4668-BE54-9A1E7A4F7556}") = "Dometrain.EFCore.API", "Dometrain.EFCore.API.csproj", "{8AF3FC78-E944-4EA3-ABDA-52C8C15AADAD}"
EndProject
Global
	GlobalSection(SolutionConfigurationPlatforms) = preSolution
		Debug|Any CPU = Debug|Any CPU
		Release|Any CPU = Release|Any CPU
	EndGlobalSection
	GlobalSection(ProjectConfigurationPlatforms) = postSolution
		{8AF3FC78-E944-4EA3-ABDA-52C8C15AADAD}.Debug|Any CPU.ActiveCfg = Debug|Any CPU
		{8AF3FC78-E944-4EA3-ABDA-52C8C15AADAD}.Debug|Any CPU.Build.0 = Debug|Any CPU
		{8AF3FC78-E944-4EA3-ABDA-52C8C15AADAD}.Release|Any CPU.ActiveCfg = Release|Any CPU
		{8AF3FC78-E944-4EA3-ABDA-52C8C15AADAD}.Release|Any CPU.Build.0 = Release|Any CPU
	EndGlobalSection
	GlobalSection(SolutionProperties) = preSolution
		HideSolutionNode = FALSE
	EndGlobalSection
	GlobalSection(ExtensibilityGlobals) = postSolution
		SolutionGuid = {FD04E53D-CCC5-442A-ABDC-2ADA0D82C82E}
	EndGlobalSection
EndGlobal
